{
  "version": 4,
  "terraform_version": "1.1.5",
  "serial": 148,
  "lineage": "cc7770d9-f3b0-9dcd-3654-31b59c7315e5",
  "outputs": {
    "bastion-external_address": {
      "value": "35.192.99.208",
      "type": "string"
    }
  },
  "resources": [
    {
      "mode": "managed",
      "type": "google_compute_project_metadata",
      "name": "metadata",
      "provider": "provider[\"registry.terraform.io/hashicorp/google\"]",
      "instances": [
        {
          "schema_version": 0,
          "attributes": {
            "id": "core-337701",
            "metadata": {
              "ssh-keys": "terraform:ssh-rsa AAAAB3NzaC1yc2EAAAADAQABAAABgQCgGL35b5EDDGMUXS3GGQo/BaRhXJM3RGrs0IBxqA1172EGMS6YoFuFzbhK46SafrT1eoBWKmz3nKj2rla3rKdzN0JnYVqK/ITfJCQ6//DX2aoGjxHbqFVl8+L58+yGcZdeT6XrHaeJ4piybhkrpu7HkN/kL3WQZ4VaYPJ8ojlOo9g7YeFT31ABGXAtaS97frZ+ok1CWm6YzGqhYynciJMdOR4RMjngQ+yPh8ssyGV3ZJSDnzmhjYoJLOhc3CAJbatMy6N7yjTGxK++VjWVgl90TlLbC077nyhU7FNxGX2CsafvM9pSNjb8pJ5ckM0uPlrrKcKDuVcqCn8UaHRFXRES4n+UisouaGImDssn3d3Et8xm1HfHRpGoYrlFdP3W64s0AopCRVZJH35iDmqrBBxaN6ADDuGO+eJBlcquK8QnTiUFaPP9YfIVlNxkXh7qMvDUfVvUgNXLcXb3rRFsicePR0ua9pspRP4V4at8y2qUk1wZz4qAM8jiTZyEkKUkuW8=\n"
            },
            "project": "core-337701",
            "timeouts": null
          },
          "sensitive_attributes": [],
          "private": "eyJlMmJmYjczMC1lY2FhLTExZTYtOGY4OC0zNDM2M2JjN2M0YzAiOnsiY3JlYXRlIjoyNDAwMDAwMDAwMDAsImRlbGV0ZSI6MjQwMDAwMDAwMDAwfX0="
        }
      ]
    },
    {
      "mode": "managed",
      "type": "random_string",
      "name": "random",
      "provider": "provider[\"registry.terraform.io/hashicorp/random\"]",
      "instances": [
        {
          "schema_version": 1,
          "attributes": {
            "id": "env6hmip",
            "keepers": null,
            "length": 8,
            "lower": true,
            "min_lower": 0,
            "min_numeric": 0,
            "min_special": 0,
            "min_upper": 0,
            "number": true,
            "override_special": null,
            "result": "env6hmip",
            "special": false,
            "upper": false
          },
          "sensitive_attributes": [],
          "private": "eyJzY2hlbWFfdmVyc2lvbiI6IjEifQ=="
        }
      ]
    },
    {
      "module": "module.bastion",
      "mode": "managed",
      "type": "google_compute_instance",
      "name": "aaa_instance_aaa",
      "provider": "provider[\"registry.terraform.io/hashicorp/google\"]",
      "instances": [
        {
          "schema_version": 6,
          "attributes": {
            "advanced_machine_features": [],
            "allow_stopping_for_update": null,
            "attached_disk": [],
            "boot_disk": [
              {
                "auto_delete": true,
                "device_name": "persistent-disk-0",
                "disk_encryption_key_raw": "",
                "disk_encryption_key_sha256": "",
                "initialize_params": [
                  {
                    "image": "https://www.googleapis.com/compute/v1/projects/ubuntu-os-cloud/global/images/ubuntu-2004-focal-v20220204",
                    "labels": {},
                    "size": 100,
                    "type": "pd-standard"
                  }
                ],
                "kms_key_self_link": "",
                "mode": "READ_WRITE",
                "source": "https://www.googleapis.com/compute/v1/projects/core-337701/zones/us-central1-a/disks/aenv6hmip-bastion"
              }
            ],
            "can_ip_forward": false,
            "confidential_instance_config": [],
            "cpu_platform": "Intel Broadwell",
            "current_status": "RUNNING",
            "deletion_protection": false,
            "description": "",
            "desired_status": null,
            "enable_display": false,
            "guest_accelerator": [],
            "hostname": "",
            "id": "projects/core-337701/zones/us-central1-a/instances/aenv6hmip-bastion",
            "instance_id": "1256939899079625737",
            "label_fingerprint": "42WmSpB8rSM=",
            "labels": {},
            "machine_type": "e2-highcpu-2",
            "metadata": {},
            "metadata_fingerprint": "Y7EuSgG9t_c=",
            "metadata_startup_script": null,
            "min_cpu_platform": "",
            "name": "aenv6hmip-bastion",
            "network_interface": [
              {
                "access_config": [
                  {
                    "nat_ip": "35.192.99.208",
                    "network_tier": "PREMIUM",
                    "public_ptr_domain_name": ""
                  }
                ],
                "alias_ip_range": [],
                "ipv6_access_config": [],
                "ipv6_access_type": "",
                "name": "nic0",
                "network": "https://www.googleapis.com/compute/v1/projects/core-337701/global/networks/aenv6hmip-network",
                "network_ip": "10.100.255.2",
                "nic_type": "",
                "queue_count": 0,
                "stack_type": "IPV4_ONLY",
                "subnetwork": "https://www.googleapis.com/compute/v1/projects/core-337701/regions/us-central1/subnetworks/aenv6hmip-bastion",
                "subnetwork_project": "core-337701"
              }
            ],
            "project": "core-337701",
            "reservation_affinity": [],
            "resource_policies": [],
            "scheduling": [
              {
                "automatic_restart": true,
                "min_node_cpus": 0,
                "node_affinities": [],
                "on_host_maintenance": "MIGRATE",
                "preemptible": false
              }
            ],
            "scratch_disk": [],
            "self_link": "https://www.googleapis.com/compute/v1/projects/core-337701/zones/us-central1-a/instances/aenv6hmip-bastion",
            "service_account": [],
            "shielded_instance_config": [
              {
                "enable_integrity_monitoring": true,
                "enable_secure_boot": false,
                "enable_vtpm": true
              }
            ],
            "tags": [
              "all",
              "bastion"
            ],
            "tags_fingerprint": "Ky1HmRXoc_U=",
            "timeouts": null,
            "zone": "us-central1-a"
          },
          "sensitive_attributes": [],
          "private": "eyJlMmJmYjczMC1lY2FhLTExZTYtOGY4OC0zNDM2M2JjN2M0YzAiOnsiY3JlYXRlIjoxMjAwMDAwMDAwMDAwLCJkZWxldGUiOjEyMDAwMDAwMDAwMDAsInVwZGF0ZSI6MTIwMDAwMDAwMDAwMH0sInNjaGVtYV92ZXJzaW9uIjoiNiJ9",
          "dependencies": [
            "module.networking.google_compute_address.aaa_instance_aaa-external",
            "module.networking.google_compute_network.aaa_network_aaa",
            "module.networking.google_compute_subnetwork.aaa_instance_aaa",
            "random_string.random"
          ]
        }
      ]
    },
    {
      "module": "module.gpu",
      "mode": "managed",
      "type": "google_compute_instance",
      "name": "aaa_instance_bbb",
      "provider": "provider[\"registry.terraform.io/hashicorp/google\"]",
      "instances": [
        {
          "schema_version": 6,
          "attributes": {
            "advanced_machine_features": [],
            "allow_stopping_for_update": null,
            "attached_disk": [],
            "boot_disk": [
              {
                "auto_delete": true,
                "device_name": "persistent-disk-0",
                "disk_encryption_key_raw": "",
                "disk_encryption_key_sha256": "",
                "initialize_params": [
                  {
                    "image": "https://www.googleapis.com/compute/v1/projects/ubuntu-os-cloud/global/images/ubuntu-2004-focal-v20220204",
                    "labels": {},
                    "size": 100,
                    "type": "pd-standard"
                  }
                ],
                "kms_key_self_link": "",
                "mode": "READ_WRITE",
                "source": "https://www.googleapis.com/compute/v1/projects/core-337701/zones/us-central1-a/disks/aenv6hmip-gpu"
              }
            ],
            "can_ip_forward": false,
            "confidential_instance_config": [],
            "cpu_platform": "Intel Cascade Lake",
            "current_status": "RUNNING",
            "deletion_protection": false,
            "description": "",
            "desired_status": null,
            "enable_display": false,
            "guest_accelerator": [
              {
                "count": 1,
                "type": "https://www.googleapis.com/compute/v1/projects/core-337701/zones/us-central1-a/acceleratorTypes/nvidia-tesla-a100"
              }
            ],
            "hostname": "",
            "id": "projects/core-337701/zones/us-central1-a/instances/aenv6hmip-gpu",
            "instance_id": "1819931767086779685",
            "label_fingerprint": "42WmSpB8rSM=",
            "labels": null,
            "machine_type": "a2-highgpu-1g",
            "metadata": null,
            "metadata_fingerprint": "Y7EuSgG9t_c=",
            "metadata_startup_script": null,
            "min_cpu_platform": "",
            "name": "aenv6hmip-gpu",
            "network_interface": [
              {
                "access_config": [],
                "alias_ip_range": [],
                "ipv6_access_config": [],
                "ipv6_access_type": "",
                "name": "nic0",
                "network": "https://www.googleapis.com/compute/v1/projects/core-337701/global/networks/aenv6hmip-network",
                "network_ip": "10.100.1.2",
                "nic_type": "",
                "queue_count": 0,
                "stack_type": "IPV4_ONLY",
                "subnetwork": "https://www.googleapis.com/compute/v1/projects/core-337701/regions/us-central1/subnetworks/aenv6hmip-gpu",
                "subnetwork_project": "core-337701"
              }
            ],
            "project": "core-337701",
            "reservation_affinity": [],
            "resource_policies": null,
            "scheduling": [
              {
                "automatic_restart": true,
                "min_node_cpus": 0,
                "node_affinities": [],
                "on_host_maintenance": "TERMINATE",
                "preemptible": false
              }
            ],
            "scratch_disk": [],
            "self_link": "https://www.googleapis.com/compute/v1/projects/core-337701/zones/us-central1-a/instances/aenv6hmip-gpu",
            "service_account": [],
            "shielded_instance_config": [
              {
                "enable_integrity_monitoring": true,
                "enable_secure_boot": false,
                "enable_vtpm": true
              }
            ],
            "tags": [
              "all",
              "gpu"
            ],
            "tags_fingerprint": "A698M93s7l8=",
            "timeouts": null,
            "zone": "us-central1-a"
          },
          "sensitive_attributes": [],
          "private": "eyJlMmJmYjczMC1lY2FhLTExZTYtOGY4OC0zNDM2M2JjN2M0YzAiOnsiY3JlYXRlIjoxMjAwMDAwMDAwMDAwLCJkZWxldGUiOjEyMDAwMDAwMDAwMDAsInVwZGF0ZSI6MTIwMDAwMDAwMDAwMH0sInNjaGVtYV92ZXJzaW9uIjoiNiJ9",
          "dependencies": [
            "module.networking.google_compute_network.aaa_network_aaa",
            "module.networking.google_compute_subnetwork.aaa_instance_bbb",
            "random_string.random"
          ]
        }
      ]
    },
    {
      "module": "module.networking",
      "mode": "managed",
      "type": "google_compute_address",
      "name": "aaa_instance_aaa-external",
      "provider": "provider[\"registry.terraform.io/hashicorp/google\"]",
      "instances": [
        {
          "schema_version": 0,
          "attributes": {
            "address": "35.192.99.208",
            "address_type": "EXTERNAL",
            "creation_timestamp": "2022-02-10T16:49:59.807-08:00",
            "description": "",
            "id": "projects/core-337701/regions/us-central1/addresses/aenv6hmip-bastion-external",
            "name": "aenv6hmip-bastion-external",
            "network": "",
            "network_tier": "PREMIUM",
            "prefix_length": 0,
            "project": "core-337701",
            "purpose": "",
            "region": "us-central1",
            "self_link": "https://www.googleapis.com/compute/v1/projects/core-337701/regions/us-central1/addresses/aenv6hmip-bastion-external",
            "subnetwork": "",
            "timeouts": null,
            "users": [
              "https://www.googleapis.com/compute/v1/projects/core-337701/zones/us-central1-a/instances/aenv6hmip-bastion"
            ]
          },
          "sensitive_attributes": [],
          "private": "eyJlMmJmYjczMC1lY2FhLTExZTYtOGY4OC0zNDM2M2JjN2M0YzAiOnsiY3JlYXRlIjoxMjAwMDAwMDAwMDAwLCJkZWxldGUiOjEyMDAwMDAwMDAwMDB9fQ==",
          "dependencies": [
            "random_string.random"
          ]
        }
      ]
    },
    {
      "module": "module.networking",
      "mode": "managed",
      "type": "google_compute_address",
      "name": "aaa_instance_bbb-external-nat",
      "provider": "provider[\"registry.terraform.io/hashicorp/google\"]",
      "instances": [
        {
          "schema_version": 0,
          "attributes": {
            "address": "34.123.11.156",
            "address_type": "EXTERNAL",
            "creation_timestamp": "2022-02-10T16:49:59.791-08:00",
            "description": "",
            "id": "projects/core-337701/regions/us-central1/addresses/aenv6hmip-gpu-external-nat",
            "name": "aenv6hmip-gpu-external-nat",
            "network": "",
            "network_tier": "PREMIUM",
            "prefix_length": 0,
            "project": "core-337701",
            "purpose": "",
            "region": "us-central1",
            "self_link": "https://www.googleapis.com/compute/v1/projects/core-337701/regions/us-central1/addresses/aenv6hmip-gpu-external-nat",
            "subnetwork": "",
            "timeouts": null,
            "users": [
              "https://www.googleapis.com/compute/v1/projects/core-337701/regions/us-central1/routers/aenv6hmip-gpu"
            ]
          },
          "sensitive_attributes": [],
          "private": "eyJlMmJmYjczMC1lY2FhLTExZTYtOGY4OC0zNDM2M2JjN2M0YzAiOnsiY3JlYXRlIjoxMjAwMDAwMDAwMDAwLCJkZWxldGUiOjEyMDAwMDAwMDAwMDB9fQ==",
          "dependencies": [
            "random_string.random"
          ]
        }
      ]
    },
    {
      "module": "module.networking",
      "mode": "managed",
      "type": "google_compute_firewall",
      "name": "bastion_to_all",
      "provider": "provider[\"registry.terraform.io/hashicorp/google\"]",
      "instances": [
        {
          "schema_version": 1,
          "attributes": {
            "allow": [
              {
                "ports": [
                  "22"
                ],
                "protocol": "tcp"
              }
            ],
            "creation_timestamp": "2022-02-10T16:50:21.656-08:00",
            "deny": [],
            "description": "",
            "destination_ranges": [],
            "direction": "INGRESS",
            "disabled": false,
            "enable_logging": null,
            "id": "projects/core-337701/global/firewalls/bastion-to-aenv6hmip-gpu",
            "log_config": [],
            "name": "bastion-to-aenv6hmip-gpu",
            "network": "https://www.googleapis.com/compute/v1/projects/core-337701/global/networks/aenv6hmip-network",
            "priority": 1000,
            "project": "core-337701",
            "self_link": "https://www.googleapis.com/compute/v1/projects/core-337701/global/firewalls/bastion-to-aenv6hmip-gpu",
            "source_ranges": [],
            "source_service_accounts": [],
            "source_tags": [
              "bastion"
            ],
            "target_service_accounts": [],
            "target_tags": [
              "all"
            ],
            "timeouts": null
          },
          "sensitive_attributes": [],
          "private": "eyJlMmJmYjczMC1lY2FhLTExZTYtOGY4OC0zNDM2M2JjN2M0YzAiOnsiY3JlYXRlIjoxMjAwMDAwMDAwMDAwLCJkZWxldGUiOjEyMDAwMDAwMDAwMDAsInVwZGF0ZSI6MTIwMDAwMDAwMDAwMH0sInNjaGVtYV92ZXJzaW9uIjoiMSJ9",
          "dependencies": [
            "module.networking.google_compute_network.aaa_network_aaa",
            "random_string.random"
          ]
        }
      ]
    },
    {
      "module": "module.networking",
      "mode": "managed",
      "type": "google_compute_firewall",
      "name": "internet_to_aaa_interface_aaa",
      "provider": "provider[\"registry.terraform.io/hashicorp/google\"]",
      "instances": [
        {
          "schema_version": 1,
          "attributes": {
            "allow": [
              {
                "ports": [
                  "22"
                ],
                "protocol": "tcp"
              }
            ],
            "creation_timestamp": "2022-02-10T16:50:21.656-08:00",
            "deny": [],
            "description": "",
            "destination_ranges": [],
            "direction": "INGRESS",
            "disabled": false,
            "enable_logging": null,
            "id": "projects/core-337701/global/firewalls/internet-to-aenv6hmip-bastion",
            "log_config": [],
            "name": "internet-to-aenv6hmip-bastion",
            "network": "https://www.googleapis.com/compute/v1/projects/core-337701/global/networks/aenv6hmip-network",
            "priority": 1000,
            "project": "core-337701",
            "self_link": "https://www.googleapis.com/compute/v1/projects/core-337701/global/firewalls/internet-to-aenv6hmip-bastion",
            "source_ranges": [
              "0.0.0.0/0"
            ],
            "source_service_accounts": [],
            "source_tags": [],
            "target_service_accounts": [],
            "target_tags": [],
            "timeouts": null
          },
          "sensitive_attributes": [],
          "private": "eyJlMmJmYjczMC1lY2FhLTExZTYtOGY4OC0zNDM2M2JjN2M0YzAiOnsiY3JlYXRlIjoxMjAwMDAwMDAwMDAwLCJkZWxldGUiOjEyMDAwMDAwMDAwMDAsInVwZGF0ZSI6MTIwMDAwMDAwMDAwMH0sInNjaGVtYV92ZXJzaW9uIjoiMSJ9",
          "dependencies": [
            "module.networking.google_compute_network.aaa_network_aaa",
            "random_string.random"
          ]
        }
      ]
    },
    {
      "module": "module.networking",
      "mode": "managed",
      "type": "google_compute_network",
      "name": "aaa_network_aaa",
      "provider": "provider[\"registry.terraform.io/hashicorp/google\"]",
      "instances": [
        {
          "schema_version": 0,
          "attributes": {
            "auto_create_subnetworks": false,
            "delete_default_routes_on_create": false,
            "description": "",
            "gateway_ipv4": "",
            "id": "projects/core-337701/global/networks/aenv6hmip-network",
            "mtu": 0,
            "name": "aenv6hmip-network",
            "project": "core-337701",
            "routing_mode": "REGIONAL",
            "self_link": "https://www.googleapis.com/compute/v1/projects/core-337701/global/networks/aenv6hmip-network",
            "timeouts": null
          },
          "sensitive_attributes": [],
          "private": "eyJlMmJmYjczMC1lY2FhLTExZTYtOGY4OC0zNDM2M2JjN2M0YzAiOnsiY3JlYXRlIjoxMjAwMDAwMDAwMDAwLCJkZWxldGUiOjEyMDAwMDAwMDAwMDAsInVwZGF0ZSI6MTIwMDAwMDAwMDAwMH19",
          "dependencies": [
            "random_string.random"
          ]
        }
      ]
    },
    {
      "module": "module.networking",
      "mode": "managed",
      "type": "google_compute_router",
      "name": "aaa_instance_bbb",
      "provider": "provider[\"registry.terraform.io/hashicorp/google\"]",
      "instances": [
        {
          "schema_version": 0,
          "attributes": {
            "bgp": [],
            "creation_timestamp": "2022-02-10T16:50:21.713-08:00",
            "description": "",
            "encrypted_interconnect_router": false,
            "id": "projects/core-337701/regions/us-central1/routers/aenv6hmip-gpu",
            "name": "aenv6hmip-gpu",
            "network": "https://www.googleapis.com/compute/v1/projects/core-337701/global/networks/aenv6hmip-network",
            "project": "core-337701",
            "region": "us-central1",
            "self_link": "https://www.googleapis.com/compute/v1/projects/core-337701/regions/us-central1/routers/aenv6hmip-gpu",
            "timeouts": null
          },
          "sensitive_attributes": [],
          "private": "eyJlMmJmYjczMC1lY2FhLTExZTYtOGY4OC0zNDM2M2JjN2M0YzAiOnsiY3JlYXRlIjoxMjAwMDAwMDAwMDAwLCJkZWxldGUiOjEyMDAwMDAwMDAwMDAsInVwZGF0ZSI6MTIwMDAwMDAwMDAwMH19",
          "dependencies": [
            "module.networking.google_compute_network.aaa_network_aaa",
            "random_string.random"
          ]
        }
      ]
    },
    {
      "module": "module.networking",
      "mode": "managed",
      "type": "google_compute_router_nat",
      "name": "aaa_instance_bbb",
      "provider": "provider[\"registry.terraform.io/hashicorp/google\"]",
      "instances": [
        {
          "schema_version": 0,
          "attributes": {
            "drain_nat_ips": [],
            "enable_endpoint_independent_mapping": true,
            "icmp_idle_timeout_sec": 30,
            "id": "core-337701/us-central1/aenv6hmip-gpu/aenv6hmip-gpu",
            "log_config": [],
            "min_ports_per_vm": 0,
            "name": "aenv6hmip-gpu",
            "nat_ip_allocate_option": "MANUAL_ONLY",
            "nat_ips": [
              "https://www.googleapis.com/compute/v1/projects/core-337701/regions/us-central1/addresses/aenv6hmip-gpu-external-nat"
            ],
            "project": "core-337701",
            "region": "us-central1",
            "router": "aenv6hmip-gpu",
            "source_subnetwork_ip_ranges_to_nat": "LIST_OF_SUBNETWORKS",
            "subnetwork": [
              {
                "name": "https://www.googleapis.com/compute/v1/projects/core-337701/regions/us-central1/subnetworks/aenv6hmip-gpu",
                "secondary_ip_range_names": [],
                "source_ip_ranges_to_nat": [
                  "ALL_IP_RANGES"
                ]
              }
            ],
            "tcp_established_idle_timeout_sec": 1200,
            "tcp_transitory_idle_timeout_sec": 30,
            "timeouts": null,
            "udp_idle_timeout_sec": 30
          },
          "sensitive_attributes": [],
          "private": "eyJlMmJmYjczMC1lY2FhLTExZTYtOGY4OC0zNDM2M2JjN2M0YzAiOnsiY3JlYXRlIjoxMjAwMDAwMDAwMDAwLCJkZWxldGUiOjEyMDAwMDAwMDAwMDAsInVwZGF0ZSI6MTIwMDAwMDAwMDAwMH19",
          "dependencies": [
            "module.networking.google_compute_address.aaa_instance_bbb-external-nat",
            "module.networking.google_compute_network.aaa_network_aaa",
            "module.networking.google_compute_router.aaa_instance_bbb",
            "module.networking.google_compute_subnetwork.aaa_instance_bbb",
            "random_string.random"
          ]
        }
      ]
    },
    {
      "module": "module.networking",
      "mode": "managed",
      "type": "google_compute_subnetwork",
      "name": "aaa_instance_aaa",
      "provider": "provider[\"registry.terraform.io/hashicorp/google\"]",
      "instances": [
        {
          "schema_version": 0,
          "attributes": {
            "creation_timestamp": "2022-02-10T16:50:21.916-08:00",
            "description": "",
            "external_ipv6_prefix": "",
            "fingerprint": null,
            "gateway_address": "10.100.255.1",
            "id": "projects/core-337701/regions/us-central1/subnetworks/aenv6hmip-bastion",
            "ip_cidr_range": "10.100.255.0/24",
            "ipv6_access_type": "",
            "ipv6_cidr_range": "",
            "log_config": [],
            "name": "aenv6hmip-bastion",
            "network": "https://www.googleapis.com/compute/v1/projects/core-337701/global/networks/aenv6hmip-network",
            "private_ip_google_access": false,
            "private_ipv6_google_access": "DISABLE_GOOGLE_ACCESS",
            "project": "core-337701",
            "purpose": "PRIVATE",
            "region": "us-central1",
            "role": "",
            "secondary_ip_range": [],
            "self_link": "https://www.googleapis.com/compute/v1/projects/core-337701/regions/us-central1/subnetworks/aenv6hmip-bastion",
            "stack_type": "IPV4_ONLY",
            "timeouts": null
          },
          "sensitive_attributes": [],
          "private": "eyJlMmJmYjczMC1lY2FhLTExZTYtOGY4OC0zNDM2M2JjN2M0YzAiOnsiY3JlYXRlIjoxMjAwMDAwMDAwMDAwLCJkZWxldGUiOjEyMDAwMDAwMDAwMDAsInVwZGF0ZSI6MTIwMDAwMDAwMDAwMH19",
          "dependencies": [
            "module.networking.google_compute_network.aaa_network_aaa",
            "random_string.random"
          ]
        }
      ]
    },
    {
      "module": "module.networking",
      "mode": "managed",
      "type": "google_compute_subnetwork",
      "name": "aaa_instance_bbb",
      "provider": "provider[\"registry.terraform.io/hashicorp/google\"]",
      "instances": [
        {
          "schema_version": 0,
          "attributes": {
            "creation_timestamp": "2022-02-10T16:50:23.571-08:00",
            "description": "",
            "external_ipv6_prefix": "",
            "fingerprint": null,
            "gateway_address": "10.100.1.1",
            "id": "projects/core-337701/regions/us-central1/subnetworks/aenv6hmip-gpu",
            "ip_cidr_range": "10.100.1.0/24",
            "ipv6_access_type": "",
            "ipv6_cidr_range": "",
            "log_config": [],
            "name": "aenv6hmip-gpu",
            "network": "https://www.googleapis.com/compute/v1/projects/core-337701/global/networks/aenv6hmip-network",
            "private_ip_google_access": false,
            "private_ipv6_google_access": "DISABLE_GOOGLE_ACCESS",
            "project": "core-337701",
            "purpose": "PRIVATE",
            "region": "us-central1",
            "role": "",
            "secondary_ip_range": [],
            "self_link": "https://www.googleapis.com/compute/v1/projects/core-337701/regions/us-central1/subnetworks/aenv6hmip-gpu",
            "stack_type": "IPV4_ONLY",
            "timeouts": null
          },
          "sensitive_attributes": [],
          "private": "eyJlMmJmYjczMC1lY2FhLTExZTYtOGY4OC0zNDM2M2JjN2M0YzAiOnsiY3JlYXRlIjoxMjAwMDAwMDAwMDAwLCJkZWxldGUiOjEyMDAwMDAwMDAwMDAsInVwZGF0ZSI6MTIwMDAwMDAwMDAwMH19",
          "dependencies": [
            "module.networking.google_compute_network.aaa_network_aaa",
            "random_string.random"
          ]
        }
      ]
    }
  ]
}
